// !$*UTF8*$!
{
	archiveVersion = 1;
	classes = {
	};
	objectVersion = 46;
	objects = {

/* Begin PBXBuildFile section */
		9CEF2D581E7D503C00855448 /* AppDelegate.swift in Sources */ = {isa = PBXBuildFile; fileRef = 9CEF2D571E7D503C00855448 /* AppDelegate.swift */; };
		9CEF2D5A1E7D503C00855448 /* ViewController.swift in Sources */ = {isa = PBXBuildFile; fileRef = 9CEF2D591E7D503C00855448 /* ViewController.swift */; };
		9CEF2D5D1E7D503C00855448 /* Main.storyboard in Resources */ = {isa = PBXBuildFile; fileRef = 9CEF2D5B1E7D503C00855448 /* Main.storyboard */; };
		9CEF2D601E7D503C00855448 /* ExemploCoreDate.xcdatamodeld in Sources */ = {isa = PBXBuildFile; fileRef = 9CEF2D5E1E7D503C00855448 /* ExemploCoreDate.xcdatamodeld */; };
		9CEF2D621E7D503C00855448 /* Assets.xcassets in Resources */ = {isa = PBXBuildFile; fileRef = 9CEF2D611E7D503C00855448 /* Assets.xcassets */; };
		9CEF2D651E7D503C00855448 /* LaunchScreen.storyboard in Resources */ = {isa = PBXBuildFile; fileRef = 9CEF2D631E7D503C00855448 /* LaunchScreen.storyboard */; };
/* End PBXBuildFile section */

/* Begin PBXFileReference section */
		9CEF2D541E7D503C00855448 /* ExemploCoreDate.app */ = {isa = PBXFileReference; explicitFileType = wrapper.application; includeInIndex = 0; path = ExemploCoreDate.app; sourceTree = BUILT_PRODUCTS_DIR; };
		9CEF2D571E7D503C00855448 /* AppDelegate.swift */ = {isa = PBXFileReference; lastKnownFileType = sourcecode.swift; path = AppDelegate.swift; sourceTree = "<group>"; };
		9CEF2D591E7D503C00855448 /* ViewController.swift */ = {isa = PBXFileReference; lastKnownFileType = sourcecode.swift; path = ViewController.swift; sourceTree = "<group>"; };
		9CEF2D5C1E7D503C00855448 /* Base */ = {isa = PBXFileReference; lastKnownFileType = file.storyboard; name = Base; path = Base.lproj/Main.storyboard; sourceTree = "<group>"; };
		9CEF2D5F1E7D503C00855448 /* ExemploCoreDate.xcdatamodel */ = {isa = PBXFileReference; lastKnownFileType = wrapper.xcdatamodel; path = ExemploCoreDate.xcdatamodel; sourceTree = "<group>"; };
		9CEF2D611E7D503C00855448 /* Assets.xcassets */ = {isa = PBXFileReference; lastKnownFileType = folder.assetcatalog; path = Assets.xcassets; sourceTree = "<group>"; };
		9CEF2D641E7D503C00855448 /* Base */ = {isa = PBXFileReference; lastKnownFileType = file.storyboard; name = Base; path = Base.lproj/LaunchScreen.storyboard; sourceTree = "<group>"; };
		9CEF2D661E7D503C00855448 /* Info.plist */ = {isa = PBXFileReference; lastKnownFileType = text.plist.xml; path = Info.plist; sourceTree = "<group>"; };
/* End PBXFileReference section */

/* Begin PBXFrameworksBuildPhase section */
		9CEF2D511E7D503C00855448 /* Frameworks */ = {
			isa = PBXFrameworksBuildPhase;
			buildActionMask = 2147483647;
			files = (
			);
			runOnlyForDeploymentPostprocessing = 0;
		};
/* End PBXFrameworksBuildPhase section */

/* Begin PBXGroup section */
		9CEF2D4B1E7D503C00855448 = {
			isa = PBXGroup;
			children = (
				9CEF2D561E7D503C00855448 /* ExemploCoreDate */,
				9CEF2D551E7D503C00855448 /* Products */,
			);
			sourceTree = "<group>";
		};
		9CEF2D551E7D503C00855448 /* Products */ = {
			isa = PBXGroup;
			children = (
				9CEF2D541E7D503C00855448 /* ExemploCoreDate.app */,
			);
			name = Products;
			sourceTree = "<group>";
		};
		9CEF2D561E7D503C00855448 /* ExemploCoreDate */ = {
			isa = PBXGroup;
			children = (
				9CEF2D571E7D503C00855448 /* AppDelegate.swift */,
				9CEF2D591E7D503C00855448 /* ViewController.swift */,
				9CEF2D5B1E7D503C00855448 /* Main.storyboard */,
				9CEF2D611E7D503C00855448 /* Assets.xcassets */,
				9CEF2D631E7D503C00855448 /* LaunchScreen.storyboard */,
				9CEF2D661E7D503C00855448 /* Info.plist */,
				9CEF2D5E1E7D503C00855448 /* ExemploCoreDate.xcdatamodeld */,
			);
			path = ExemploCoreDate;
			sourceTree = "<group>";
		};
/* End PBXGroup section */

/* Begin PBXNativeTarget section */
		9CEF2D531E7D503C00855448 /* ExemploCoreDate */ = {
			isa = PBXNativeTarget;
			buildConfigurationList = 9CEF2D691E7D503C00855448 /* Build configuration list for PBXNativeTarget "ExemploCoreDate" */;
			buildPhases = (
				9CEF2D501E7D503C00855448 /* Sources */,
				9CEF2D511E7D503C00855448 /* Frameworks */,
				9CEF2D521E7D503C00855448 /* Resources */,
			);
			buildRules = (
			);
			dependencies = (
			);
			name = ExemploCoreDate;
			productName = ExemploCoreDate;
			productReference = 9CEF2D541E7D503C00855448 /* ExemploCoreDate.app */;
			productType = "com.apple.product-type.application";
		};
/* End PBXNativeTarget section */

/* Begin PBXProject section */
		9CEF2D4C1E7D503C00855448 /* Project object */ = {
			isa = PBXProject;
			attributes = {
				LastSwiftUpdateCheck = 0820;
				LastUpgradeCheck = 0820;
				ORGANIZATIONNAME = "Paulo Cauca";
				TargetAttributes = {
					9CEF2D531E7D503C00855448 = {
						CreatedOnToolsVersion = 8.2;
						DevelopmentTeam = CS6J998G53;
						ProvisioningStyle = Automatic;
					};
				};
			};
			buildConfigurationList = 9CEF2D4F1E7D503C00855448 /* Build configuration list for PBXProject "ExemploCoreDate" */;
			compatibilityVersion = "Xcode 3.2";
			developmentRegion = English;
			hasScannedForEncodings = 0;
			knownRegions = (
				en,
				Base,
			);
			mainGroup = 9CEF2D4B1E7D503C00855448;
			productRefGroup = 9CEF2D551E7D503C00855448 /* Products */;
			projectDirPath = "";
			projectRoot = "";
			targets = (
				9CEF2D531E7D503C00855448 /* ExemploCoreDate */,
			);
		};
/* End PBXProject section */

/* Begin PBXResourcesBuildPhase section */
		9CEF2D521E7D503C00855448 /* Resources */ = {
			isa = PBXResourcesBuildPhase;
			buildActionMask = 2147483647;
			files = (
				9CEF2D651E7D503C00855448 /* LaunchScreen.storyboard in Resources */,
				9CEF2D621E7D503C00855448 /* Assets.xcassets in Resources */,
				9CEF2D5D1E7D503C00855448 /* Main.storyboard in Resources */,
			);
			runOnlyForDeploymentPostprocessing = 0;
		};
/* End PBXResourcesBuildPhase section */

/* Begin PBXSourcesBuildPhase section */
		9CEF2D501E7D503C00855448 /* Sources */ = {
			isa = PBXSourcesBuildPhase;
			buildActionMask = 2147483647;
			files = (
				9CEF2D601E7D503C00855448 /* ExemploCoreDate.xcdatamodeld in Sources */,
				9CEF2D5A1E7D503C00855448 /* ViewController.swift in Sources */,
				9CEF2D581E7D503C00855448 /* AppDelegate.swift in Sources */,
			);
			runOnlyForDeploymentPostprocessing = 0;
		};
/* End PBXSourcesBuildPhase section */

/* Begin PBXVariantGroup section */
		9CEF2D5B1E7D503C00855448 /* Main.storyboard */ = {
			isa = PBXVariantGroup;
			children = (
				9CEF2D5C1E7D503C00855448 /* Base */,
			);
			name = Main.storyboard;
			sourceTree = "<group>";
		};
		9CEF2D631E7D503C00855448 /* LaunchScreen.storyboard */ = {
			isa = PBXVariantGroup;
			children = (
				9CEF2D641E7D503C00855448 /* Base */,
			);
			name = LaunchScreen.storyboard;
			sourceTree = "<group>";
		};
/* End PBXVariantGroup section */

/* Begin XCBuildConfiguration section */
		9CEF2D671E7D503C00855448 /* Debug */ = {
			isa = XCBuildConfiguration;
			buildSettings = {
				ALWAYS_SEARCH_USER_PATHS = NO;
				CLANG_ANALYZER_NONNULL = YES;
				CLANG_CXX_LANGUAGE_STANDARD = "gnu++0x";
				CLANG_CXX_LIBRARY = "libc++";
				CLANG_ENABLE_MODULES = YES;
				CLANG_ENABLE_OBJC_ARC = YES;
				CLANG_WARN_BOOL_CONVERSION = YES;
				CLANG_WARN_CONSTANT_CONVERSION = YES;
				CLANG_WARN_DIRECT_OBJC_ISA_USAGE = YES_ERROR;
				CLANG_WARN_DOCUMENTATION_COMMENTS = YES;
				CLANG_WARN_EMPTY_BODY = YES;
				CLANG_WARN_ENUM_CONVERSION = YES;
				CLANG_WARN_INFINITE_RECURSION = YES;
				CLANG_WARN_INT_CONVERSION = YES;
				CLANG_WARN_OBJC_ROOT_CLASS = YES_ERROR;
				CLANG_WARN_SUSPICIOUS_MOVE = YES;
				CLANG_WARN_UNREACHABLE_CODE = YES;
				CLANG_WARN__DUPLICATE_METHOD_MATCH = YES;
				"CODE_SIGN_IDENTITY[sdk=iphoneos*]" = "iPhone Developer";
				COPY_PHASE_STRIP = NO;
				DEBUG_INFORMATION_FORMAT = dwarf;
				ENABLE_STRICT_OBJC_MSGSEND = YES;
				ENABLE_TESTABILITY = YES;
				GCC_C_LANGUAGE_STANDARD = gnu99;
				GCC_DYNAMIC_NO_PIC = NO;
				GCC_NO_COMMON_BLOCKS = YES;
				GCC_OPTIMIZATION_LEVEL = 0;
				GCC_PREPROCESSOR_DEFINITIONS = (
					"DEBUG=1",
					"$(inherited)",
				);
				GCC_WARN_64_TO_32_BIT_CONVERSION = YES;
				GCC_WARN_ABOUT_RETURN_TYPE = YES_ERROR;
				GCC_WARN_UNDECLARED_SELECTOR = YES;
				GCC_WARN_UNINITIALIZED_AUTOS = YES_AGGRESSIVE;
				GCC_WARN_UNUSED_FUNCTION = YES;
				GCC_WARN_UNUSED_VARIABLE = YES;
				IPHONEOS_DEPLOYMENT_TARGET = 10.2;
				MTL_ENABLE_DEBUG_INFO = YES;
				ONLY_ACTIVE_ARCH = YES;
				SDKROOT = iphoneos;
				SWIFT_ACTIVE_COMPILATION_CONDITIONS = DEBUG;
				SWIFT_OPTIMIZATION_LEVEL = "-Onone";
			};
			name = Debug;
		};
		9CEF2D681E7D503C00855448 /* Release */ = {
			isa = XCBuildConfiguration;
			buildSettings = {
				ALWAYS_SEARCH_USER_PATHS = NO;
				CLANG_ANALYZER_NONNULL = YES;
				CLANG_CXX_LANGUAGE_STANDARD = "gnu++0x";
				CLANG_CXX_LIBRARY = "libc++";
				CLANG_ENABLE_MODULES = YES;
				CLANG_ENABLE_OBJC_ARC = YES;
				CLANG_WARN_BOOL_CONVERSION = YES;
				CLANG_WARN_CONSTANT_CONVERSION = YES;
				CLANG_WARN_DIRECT_OBJC_ISA_USAGE = YES_ERROR;
				CLANG_WARN_DOCUMENTATION_COMMENTS = YES;
				CLANG_WARN_EMPTY_BODY = YES;
				CLANG_WARN_ENUM_CONVERSION = YES;
				CLANG_WARN_INFINITE_RECURSION = YES;
				CLANG_WARN_INT_CONVERSION = YES;
				CLANG_WARN_OBJC_ROOT_CLASS = YES_ERROR;
				CLANG_WARN_SUSPICIOUS_MOVE = YES;
				CLANG_WARN_UNREACHABLE_CODE = YES;
				CLANG_WARN__DUPLICATE_METHOD_MATCH = YES;
				"CODE_SIGN_IDENTITY[sdk=iphoneos*]" = "iPhone Developer";
				COPY_PHASE_STRIP = NO;
				DEBUG_INFORMATION_FORMAT = "dwarf-with-dsym";
				ENABLE_NS_ASSERTIONS = NO;
				ENABLE_STRICT_OBJC_MSGSEND = YES;
				GCC_C_LANGUAGE_STANDARD = gnu99;
				GCC_NO_COMMON_BLOCKS = YES;
				GCC_WARN_64_TO_32_BIT_CONVERSION = YES;
				GCC_WARN_ABOUT_RETURN_TYPE = YES_ERROR;
				GCC_WARN_UNDECLARED_SELECTOR = YES;
				GCC_WARN_UNINITIALIZED_AUTOS = YES_AGGRESSIVE;
				GCC_WARN_UNUSED_FUNCTION = YES;
				GCC_WARN_UNUSED_VARIABLE = YES;
				IPHONEOS_DEPLOYMENT_TARGET = 10.2;
				MTL_ENABLE_DEBUG_INFO = NO;
				SDKROOT = iphoneos;
				SWIFT_OPTIMIZATION_LEVEL = "-Owholemodule";
				VALIDATE_PRODUCT = YES;
			};
			name = Release;
		};
		9CEF2D6A1E7D503C00855448 /* Debug */ = {
			isa = XCBuildConfiguration;
			buildSettings = {
				ASSETCATALOG_COMPILER_APPICON_NAME = AppIcon;
				DEVELOPMENT_TEAM = CS6J998G53;
				INFOPLIST_FILE = ExemploCoreDate/Info.plist;
				LD_RUNPATH_SEARCH_PATHS = "$(inherited) @executable_path/Frameworks";
				PRODUCT_BUNDLE_IDENTIFIER = paulocauca.ExemploCoreDate;
				PRODUCT_NAME = "$(TARGET_NAME)";
				SWIFT_VERSION = 3.0;
			};
			name = Debug;
		};
		9CEF2D6B1E7D503C00855448 /* Release */ = {
			isa = XCBuildConfiguration;
			buildSettings = {
				ASSETCATALOG_COMPILER_APPICON_NAME = AppIcon;
				DEVELOPMENT_TEAM = CS6J998G53;
				INFOPLIST_FILE = ExemploCoreDate/Info.plist;
				LD_RUNPATH_SEARCH_PATHS = "$(inherited) @executable_path/Frameworks";
				PRODUCT_BUNDLE_IDENTIFIER = paulocauca.ExemploCoreDate;
				PRODUCT_NAME = "$(TARGET_NAME)";
				SWIFT_VERSION = 3.0;
			};
			name = Release;
		};
/* End XCBuildConfiguration section */

/* Begin XCConfigurationList section */
		9CEF2D4F1E7D503C00855448 /* Build configuration list for PBXProject "ExemploCoreDate" */ = {
			isa = XCConfigurationList;
			buildConfigurations = (
				9CEF2D671E7D503C00855448 /* Debug */,
				9CEF2D681E7D503C00855448 /* Release */,
			);
			defaultConfigurationIsVisible = 0;
			defaultConfigurationName = Release;
		};
		9CEF2D691E7D503C00855448 /* Build configuration list for PBXNativeTarget "ExemploCoreDate" */ = {
			isa = XCConfigurationList;
			buildConfigurations = (
				9CEF2D6A1E7D503C00855448 /* Debug */,
				9CEF2D6B1E7D503C00855448 /* Release */,
			);
			defaultConfigurationIsVisible = 0;
		};
/* End XCConfigurationList section */

/* Begin XCVersionGroup section */
		9CEF2D5E1E7D503C00855448 /* ExemploCoreDate.xcdatamodeld */ = {
			isa = XCVersionGroup;
			children = (
				9CEF2D5F1E7D503C00855448 /* ExemploCoreDate.xcdatamodel */,
			);
			currentVersion = 9CEF2D5F1E7D503C00855448 /* ExemploCoreDate.xcdatamodel */;
			path = ExemploCoreDate.xcdatamodeld;
			sourceTree = "<group>";
			versionGroupType = wrapper.xcdatamodel;
		};
/* End XCVersionGroup section */
	};
	rootObject = 9CEF2D4C1E7D503C00855448 /* Project object */;
}
